
Microsoft Visual Studio Solution File, Format Version 12.00
# Visual Studio 15
VisualStudioVersion = 15.0.27428.1
MinimumVisualStudioVersion = 10.0.40219.1
Project("{8BC9CEB8-8B4A-11D0-8D11-00A0C91BC942}") = "DXInfo.ActiveX", "DXInfo.ActiveX\DXInfo.ActiveX.vcxproj", "{81B21D8E-87F7-4A67-8A29-E8BAB88D6212}"
EndProject
Project("{8BC9CEB8-8B4A-11D0-8D11-00A0C91BC942}") = "DXInfo.ActiveXPS", "DXInfo.ActiveX\DXInfo.ActiveXPS.vcxproj", "{2BB49B10-1C3B-4DCA-8900-E3CBC2A7BC17}"
EndProject
Project("{FAE04EC0-301F-11D3-BF4B-00C04F79EFBC}") = "DXInfo.DbAuthorizationRuleProvider", "DXInfo.DbAuthorizationRuleProvider\DXInfo.DbAuthorizationRuleProvider.csproj", "{4466B80B-2A75-42C6-A45E-807849492755}"
EndProject
Project("{FAE04EC0-301F-11D3-BF4B-00C04F79EFBC}") = "DXInfo.Models", "DXInfo.Models\DXInfo.Models.csproj", "{5CCDEF4A-ED6F-4899-8F9C-419ED1E32D5F}"
EndProject
Project("{FAE04EC0-301F-11D3-BF4B-00C04F79EFBC}") = "DXInfo.Profile", "DXInfo.Profile\DXInfo.Profile.csproj", "{28E81454-78C4-4451-96F3-3843F516385E}"
EndProject
Project("{FAE04EC0-301F-11D3-BF4B-00C04F79EFBC}") = "DXInfo.Role", "DXInfo.Role\DXInfo.Role.csproj", "{B8AFFCF7-5172-4B69-9ED8-6BFBEF9F3BBC}"
EndProject
Project("{FAE04EC0-301F-11D3-BF4B-00C04F79EFBC}") = "DXInfo.Sitemap", "DXInfo.Sitemap\DXInfo.Sitemap.csproj", "{02EC23B2-4B8B-4DD3-AB0B-0D4540889658}"
EndProject
Project("{FAE04EC0-301F-11D3-BF4B-00C04F79EFBC}") = "FairiesCoolerCash", "FairiesCoolerCash\FairiesCoolerCash.csproj", "{2B869677-41BC-4513-92EB-8C7F8F9316F3}"
EndProject
Project("{FAE04EC0-301F-11D3-BF4B-00C04F79EFBC}") = "WpfKb", "WpfKb\WpfKb.csproj", "{0784CDC9-0F52-4B8B-9488-6589C11E94E2}"
EndProject
Project("{8BC9CEB8-8B4A-11D0-8D11-00A0C91BC942}") = "DXInfo.Card", "DXInfo.Card\DXInfo.Card.vcxproj", "{CF6D105B-2ABA-4D9D-823E-14F5FD716D6E}"
EndProject
Project("{FAE04EC0-301F-11D3-BF4B-00C04F79EFBC}") = "DXInfo.Principal", "DXInfo.Principal\DXInfo.Principal.csproj", "{22ECB9EA-A035-4D20-A662-65B97B4EB59B}"
EndProject
Project("{FAE04EC0-301F-11D3-BF4B-00C04F79EFBC}") = "DXInfo.CKFinder", "DXInfo.CKFinder\DXInfo.CKFinder.csproj", "{C5376ADF-309A-48DE-904C-B1FE1965C370}"
EndProject
Project("{FAE04EC0-301F-11D3-BF4B-00C04F79EFBC}") = "DXInfo.Download", "DXInfo.Download\DXInfo.Download.csproj", "{C731C429-CF52-4951-8824-4CCA8C00E69A}"
EndProject
Project("{FAE04EC0-301F-11D3-BF4B-00C04F79EFBC}") = "DXInfo.FormatRegistrClassLibrary", "DXInfo.FormatRegistrClassLibrary\DXInfo.FormatRegistrClassLibrary.csproj", "{3E5B5A6B-FB19-4A24-BEE0-5E7AAB620170}"
EndProject
Project("{FAE04EC0-301F-11D3-BF4B-00C04F79EFBC}") = "DXInfo.Media Glass", "DXInfo.Media glass\DXInfo.Media Glass.csproj", "{DC2B1003-4320-4486-8925-6F40A5EA4206}"
EndProject
Project("{FAE04EC0-301F-11D3-BF4B-00C04F79EFBC}") = "DXInfo.AutoUpdate", "DXInfo.AutoUpdate\DXInfo.AutoUpdate.csproj", "{300DF611-E6A4-447F-86CB-FD409C50CE8A}"
EndProject
Project("{FAE04EC0-301F-11D3-BF4B-00C04F79EFBC}") = "SyncOper", "SyncOper\SyncOper.csproj", "{2BDE3BC0-1D90-4C95-A637-DF690963BB79}"
EndProject
Project("{FAE04EC0-301F-11D3-BF4B-00C04F79EFBC}") = "DXInfo.Sync", "DXInfo.Sync\DXInfo.Sync.csproj", "{897F27CC-3672-44BF-8479-DB0DC7F91D9C}"
EndProject
Project("{FAE04EC0-301F-11D3-BF4B-00C04F79EFBC}") = "DXInfo.Restaurant", "DXInfo.Restaurant\DXInfo.Restaurant.csproj", "{95D8453F-2C92-4907-9AEB-776C43ADFCD7}"
EndProject
Project("{FAE04EC0-301F-11D3-BF4B-00C04F79EFBC}") = "DXInfo.WcfRestService", "DXInfo.WcfRestService\DXInfo.WcfRestService.csproj", "{4F939926-FA61-45D9-B154-E2CBB598D5C1}"
EndProject
Project("{FAE04EC0-301F-11D3-BF4B-00C04F79EFBC}") = "DXInfo.JQGrid", "DXInfo.Web.Mvc.4\DXInfo.JQGrid.csproj", "{1F301BAF-F8EF-4592-BCF7-0527FAFC4E00}"
EndProject
Project("{FAE04EC0-301F-11D3-BF4B-00C04F79EFBC}") = "DXInfo.EFConventions", "DXInfo.EFConventions\DXInfo.EFConventions.csproj", "{71A68946-91CB-49F4-A787-872A84F90901}"
EndProject
Project("{FAE04EC0-301F-11D3-BF4B-00C04F79EFBC}") = "DXInfo.Data.Contracts", "DXInfo.Data.Contracts\DXInfo.Data.Contracts.csproj", "{17D20D66-1646-4DDC-9261-BFB28AB43640}"
EndProject
Project("{FAE04EC0-301F-11D3-BF4B-00C04F79EFBC}") = "DXInfo.Data", "DXInfo.Data\DXInfo.Data.csproj", "{1B360754-1837-49C4-9721-9307FDDBACF3}"
EndProject
Project("{FAE04EC0-301F-11D3-BF4B-00C04F79EFBC}") = "DXInfo.CodeGenerate", "DXInfo.CodeGenerate\DXInfo.CodeGenerate.csproj", "{28D4C5BA-E48B-481C-BF23-2EC393047179}"
EndProject
Project("{8BC9CEB8-8B4A-11D0-8D11-00A0C91BC942}") = "DXInfo.Encrypt", "DXInfo.Encrypt\DXInfo.Encrypt.vcxproj", "{466740B7-553E-43FA-B036-F7071F27D504}"
	ProjectSection(ProjectDependencies) = postProject
		{029ED34E-5790-417A-BEC2-A3D89F2FD802} = {029ED34E-5790-417A-BEC2-A3D89F2FD802}
	EndProjectSection
EndProject
Project("{8BC9CEB8-8B4A-11D0-8D11-00A0C91BC942}") = "DXInfo.CPPHelpers", "DXInfo.CPPHelpers\DXInfo.CPPHelpers.vcxproj", "{029ED34E-5790-417A-BEC2-A3D89F2FD802}"
EndProject
Project("{8BC9CEB8-8B4A-11D0-8D11-00A0C91BC942}") = "CardTest", "CardTest\CardTest.vcxproj", "{0EB281C2-DC7C-46C0-B7ED-EE49FD3F2BC3}"
EndProject
Project("{FAE04EC0-301F-11D3-BF4B-00C04F79EFBC}") = "DXInfo.Print", "DXInfo.Print\DXInfo.Print.csproj", "{A2F2FCD3-64AB-4B6A-AA2D-DD11EF4BFE22}"
EndProject
Project("{FAE04EC0-301F-11D3-BF4B-00C04F79EFBC}") = "DXInfo.Print.Test", "DXInfo.Print.Test\DXInfo.Print.Test.csproj", "{59CAE7C2-B096-4B6C-8C82-C5C6ED4871F0}"
EndProject
Project("{FAE04EC0-301F-11D3-BF4B-00C04F79EFBC}") = "InputSimulator", "InputSimulator\InputSimulator\InputSimulator.csproj", "{3549CD6F-80F8-450F-B99E-CF0A736B1F2A}"
EndProject
Project("{FAE04EC0-301F-11D3-BF4B-00C04F79EFBC}") = "DXInfo.Business", "DXInfo.Business\DXInfo.Business.csproj", "{70278951-C5CD-4D40-9DAB-3028AF9110E2}"
EndProject
Project("{FAE04EC0-301F-11D3-BF4B-00C04F79EFBC}") = "DXInfo.RDLC", "DXInfo.RDLC\DXInfo.RDLC.csproj", "{320449E7-006E-4A3B-842E-D74DD0A33E52}"
EndProject
Project("{FAE04EC0-301F-11D3-BF4B-00C04F79EFBC}") = "DXInfo.Web", "DXInfo.Web\DXInfo.Web.csproj", "{4B6B735A-169A-4EEC-8710-61BDFB461630}"
EndProject
Project("{FAE04EC0-301F-11D3-BF4B-00C04F79EFBC}") = "DXInfo.AutoUpdate.Helper", "DXInfo.AutoUpdate.Helper\DXInfo.AutoUpdate.Helper.csproj", "{532EE15A-B53C-4693-988E-266C174BB505}"
EndProject
Project("{2150E333-8FDC-42A3-9474-1A3956D46DE8}") = ".nuget", ".nuget", "{DCF93B58-B4B5-4AD4-8DE6-F15562E5C5B9}"
	ProjectSection(SolutionItems) = preProject
		.nuget\NuGet.Config = .nuget\NuGet.Config
		.nuget\NuGet.exe = .nuget\NuGet.exe
		.nuget\NuGet.targets = .nuget\NuGet.targets
	EndProjectSection
EndProject
Global
	GlobalSection(SolutionConfigurationPlatforms) = preSolution
		Debug|Any CPU = Debug|Any CPU
		Debug|Mixed Platforms = Debug|Mixed Platforms
		Debug|Win32 = Debug|Win32
		Debug|x86 = Debug|x86
		Release|Any CPU = Release|Any CPU
		Release|Mixed Platforms = Release|Mixed Platforms
		Release|Win32 = Release|Win32
		Release|x86 = Release|x86
	EndGlobalSection
	GlobalSection(ProjectConfigurationPlatforms) = postSolution
		{81B21D8E-87F7-4A67-8A29-E8BAB88D6212}.Debug|Any CPU.ActiveCfg = Debug|Win32
		{81B21D8E-87F7-4A67-8A29-E8BAB88D6212}.Debug|Mixed Platforms.ActiveCfg = Debug|Win32
		{81B21D8E-87F7-4A67-8A29-E8BAB88D6212}.Debug|Win32.ActiveCfg = Debug|Win32
		{81B21D8E-87F7-4A67-8A29-E8BAB88D6212}.Debug|Win32.Build.0 = Debug|Win32
		{81B21D8E-87F7-4A67-8A29-E8BAB88D6212}.Debug|x86.ActiveCfg = Debug|Win32
		{81B21D8E-87F7-4A67-8A29-E8BAB88D6212}.Release|Any CPU.ActiveCfg = Release|Win32
		{81B21D8E-87F7-4A67-8A29-E8BAB88D6212}.Release|Mixed Platforms.ActiveCfg = Release|Win32
		{81B21D8E-87F7-4A67-8A29-E8BAB88D6212}.Release|Win32.ActiveCfg = Release|Win32
		{81B21D8E-87F7-4A67-8A29-E8BAB88D6212}.Release|Win32.Build.0 = Release|Win32
		{81B21D8E-87F7-4A67-8A29-E8BAB88D6212}.Release|x86.ActiveCfg = Release|Win32
		{2BB49B10-1C3B-4DCA-8900-E3CBC2A7BC17}.Debug|Any CPU.ActiveCfg = Debug|Win32
		{2BB49B10-1C3B-4DCA-8900-E3CBC2A7BC17}.Debug|Mixed Platforms.ActiveCfg = Debug|Win32
		{2BB49B10-1C3B-4DCA-8900-E3CBC2A7BC17}.Debug|Win32.ActiveCfg = Debug|Win32
		{2BB49B10-1C3B-4DCA-8900-E3CBC2A7BC17}.Debug|Win32.Build.0 = Debug|Win32
		{2BB49B10-1C3B-4DCA-8900-E3CBC2A7BC17}.Debug|x86.ActiveCfg = Debug|Win32
		{2BB49B10-1C3B-4DCA-8900-E3CBC2A7BC17}.Release|Any CPU.ActiveCfg = Release|Win32
		{2BB49B10-1C3B-4DCA-8900-E3CBC2A7BC17}.Release|Mixed Platforms.ActiveCfg = Release|Win32
		{2BB49B10-1C3B-4DCA-8900-E3CBC2A7BC17}.Release|Win32.ActiveCfg = Release|Win32
		{2BB49B10-1C3B-4DCA-8900-E3CBC2A7BC17}.Release|Win32.Build.0 = Release|Win32
		{2BB49B10-1C3B-4DCA-8900-E3CBC2A7BC17}.Release|x86.ActiveCfg = Release|Win32
		{4466B80B-2A75-42C6-A45E-807849492755}.Debug|Any CPU.ActiveCfg = Debug|Any CPU
		{4466B80B-2A75-42C6-A45E-807849492755}.Debug|Any CPU.Build.0 = Debug|Any CPU
		{4466B80B-2A75-42C6-A45E-807849492755}.Debug|Mixed Platforms.ActiveCfg = Debug|Any CPU
		{4466B80B-2A75-42C6-A45E-807849492755}.Debug|Mixed Platforms.Build.0 = Debug|Any CPU
		{4466B80B-2A75-42C6-A45E-807849492755}.Debug|Win32.ActiveCfg = Debug|Any CPU
		{4466B80B-2A75-42C6-A45E-807849492755}.Debug|x86.ActiveCfg = Debug|Any CPU
		{4466B80B-2A75-42C6-A45E-807849492755}.Release|Any CPU.ActiveCfg = Release|Any CPU
		{4466B80B-2A75-42C6-A45E-807849492755}.Release|Any CPU.Build.0 = Release|Any CPU
		{4466B80B-2A75-42C6-A45E-807849492755}.Release|Mixed Platforms.ActiveCfg = Release|Any CPU
		{4466B80B-2A75-42C6-A45E-807849492755}.Release|Mixed Platforms.Build.0 = Release|Any CPU
		{4466B80B-2A75-42C6-A45E-807849492755}.Release|Win32.ActiveCfg = Release|Any CPU
		{4466B80B-2A75-42C6-A45E-807849492755}.Release|x86.ActiveCfg = Release|Any CPU
		{5CCDEF4A-ED6F-4899-8F9C-419ED1E32D5F}.Debug|Any CPU.ActiveCfg = Debug|Any CPU
		{5CCDEF4A-ED6F-4899-8F9C-419ED1E32D5F}.Debug|Any CPU.Build.0 = Debug|Any CPU
		{5CCDEF4A-ED6F-4899-8F9C-419ED1E32D5F}.Debug|Mixed Platforms.ActiveCfg = Debug|Any CPU
		{5CCDEF4A-ED6F-4899-8F9C-419ED1E32D5F}.Debug|Mixed Platforms.Build.0 = Debug|Any CPU
		{5CCDEF4A-ED6F-4899-8F9C-419ED1E32D5F}.Debug|Win32.ActiveCfg = Debug|Any CPU
		{5CCDEF4A-ED6F-4899-8F9C-419ED1E32D5F}.Debug|x86.ActiveCfg = Debug|Any CPU
		{5CCDEF4A-ED6F-4899-8F9C-419ED1E32D5F}.Release|Any CPU.ActiveCfg = Release|Any CPU
		{5CCDEF4A-ED6F-4899-8F9C-419ED1E32D5F}.Release|Any CPU.Build.0 = Release|Any CPU
		{5CCDEF4A-ED6F-4899-8F9C-419ED1E32D5F}.Release|Mixed Platforms.ActiveCfg = Release|Any CPU
		{5CCDEF4A-ED6F-4899-8F9C-419ED1E32D5F}.Release|Mixed Platforms.Build.0 = Release|Any CPU
		{5CCDEF4A-ED6F-4899-8F9C-419ED1E32D5F}.Release|Win32.ActiveCfg = Release|Any CPU
		{5CCDEF4A-ED6F-4899-8F9C-419ED1E32D5F}.Release|x86.ActiveCfg = Release|Any CPU
		{28E81454-78C4-4451-96F3-3843F516385E}.Debug|Any CPU.ActiveCfg = Debug|Any CPU
		{28E81454-78C4-4451-96F3-3843F516385E}.Debug|Any CPU.Build.0 = Debug|Any CPU
		{28E81454-78C4-4451-96F3-3843F516385E}.Debug|Mixed Platforms.ActiveCfg = Debug|Any CPU
		{28E81454-78C4-4451-96F3-3843F516385E}.Debug|Mixed Platforms.Build.0 = Debug|Any CPU
		{28E81454-78C4-4451-96F3-3843F516385E}.Debug|Win32.ActiveCfg = Debug|Any CPU
		{28E81454-78C4-4451-96F3-3843F516385E}.Debug|x86.ActiveCfg = Debug|Any CPU
		{28E81454-78C4-4451-96F3-3843F516385E}.Release|Any CPU.ActiveCfg = Release|Any CPU
		{28E81454-78C4-4451-96F3-3843F516385E}.Release|Any CPU.Build.0 = Release|Any CPU
		{28E81454-78C4-4451-96F3-3843F516385E}.Release|Mixed Platforms.ActiveCfg = Release|Any CPU
		{28E81454-78C4-4451-96F3-3843F516385E}.Release|Mixed Platforms.Build.0 = Release|Any CPU
		{28E81454-78C4-4451-96F3-3843F516385E}.Release|Win32.ActiveCfg = Release|Any CPU
		{28E81454-78C4-4451-96F3-3843F516385E}.Release|x86.ActiveCfg = Release|Any CPU
		{B8AFFCF7-5172-4B69-9ED8-6BFBEF9F3BBC}.Debug|Any CPU.ActiveCfg = Debug|Any CPU
		{B8AFFCF7-5172-4B69-9ED8-6BFBEF9F3BBC}.Debug|Any CPU.Build.0 = Debug|Any CPU
		{B8AFFCF7-5172-4B69-9ED8-6BFBEF9F3BBC}.Debug|Mixed Platforms.ActiveCfg = Debug|Any CPU
		{B8AFFCF7-5172-4B69-9ED8-6BFBEF9F3BBC}.Debug|Mixed Platforms.Build.0 = Debug|Any CPU
		{B8AFFCF7-5172-4B69-9ED8-6BFBEF9F3BBC}.Debug|Win32.ActiveCfg = Debug|Any CPU
		{B8AFFCF7-5172-4B69-9ED8-6BFBEF9F3BBC}.Debug|x86.ActiveCfg = Debug|Any CPU
		{B8AFFCF7-5172-4B69-9ED8-6BFBEF9F3BBC}.Release|Any CPU.ActiveCfg = Release|Any CPU
		{B8AFFCF7-5172-4B69-9ED8-6BFBEF9F3BBC}.Release|Any CPU.Build.0 = Release|Any CPU
		{B8AFFCF7-5172-4B69-9ED8-6BFBEF9F3BBC}.Release|Mixed Platforms.ActiveCfg = Release|Any CPU
		{B8AFFCF7-5172-4B69-9ED8-6BFBEF9F3BBC}.Release|Mixed Platforms.Build.0 = Release|Any CPU
		{B8AFFCF7-5172-4B69-9ED8-6BFBEF9F3BBC}.Release|Win32.ActiveCfg = Release|Any CPU
		{B8AFFCF7-5172-4B69-9ED8-6BFBEF9F3BBC}.Release|x86.ActiveCfg = Release|Any CPU
		{02EC23B2-4B8B-4DD3-AB0B-0D4540889658}.Debug|Any CPU.ActiveCfg = Debug|Any CPU
		{02EC23B2-4B8B-4DD3-AB0B-0D4540889658}.Debug|Any CPU.Build.0 = Debug|Any CPU
		{02EC23B2-4B8B-4DD3-AB0B-0D4540889658}.Debug|Mixed Platforms.ActiveCfg = Debug|Any CPU
		{02EC23B2-4B8B-4DD3-AB0B-0D4540889658}.Debug|Mixed Platforms.Build.0 = Debug|Any CPU
		{02EC23B2-4B8B-4DD3-AB0B-0D4540889658}.Debug|Win32.ActiveCfg = Debug|Any CPU
		{02EC23B2-4B8B-4DD3-AB0B-0D4540889658}.Debug|x86.ActiveCfg = Debug|Any CPU
		{02EC23B2-4B8B-4DD3-AB0B-0D4540889658}.Release|Any CPU.ActiveCfg = Release|Any CPU
		{02EC23B2-4B8B-4DD3-AB0B-0D4540889658}.Release|Any CPU.Build.0 = Release|Any CPU
		{02EC23B2-4B8B-4DD3-AB0B-0D4540889658}.Release|Mixed Platforms.ActiveCfg = Release|Any CPU
		{02EC23B2-4B8B-4DD3-AB0B-0D4540889658}.Release|Mixed Platforms.Build.0 = Release|Any CPU
		{02EC23B2-4B8B-4DD3-AB0B-0D4540889658}.Release|Win32.ActiveCfg = Release|Any CPU
		{02EC23B2-4B8B-4DD3-AB0B-0D4540889658}.Release|x86.ActiveCfg = Release|Any CPU
		{2B869677-41BC-4513-92EB-8C7F8F9316F3}.Debug|Any CPU.ActiveCfg = Debug|x86
		{2B869677-41BC-4513-92EB-8C7F8F9316F3}.Debug|Mixed Platforms.ActiveCfg = Debug|x86
		{2B869677-41BC-4513-92EB-8C7F8F9316F3}.Debug|Mixed Platforms.Build.0 = Debug|x86
		{2B869677-41BC-4513-92EB-8C7F8F9316F3}.Debug|Win32.ActiveCfg = Debug|x86
		{2B869677-41BC-4513-92EB-8C7F8F9316F3}.Debug|x86.ActiveCfg = Debug|x86
		{2B869677-41BC-4513-92EB-8C7F8F9316F3}.Debug|x86.Build.0 = Debug|x86
		{2B869677-41BC-4513-92EB-8C7F8F9316F3}.Release|Any CPU.ActiveCfg = Release|x86
		{2B869677-41BC-4513-92EB-8C7F8F9316F3}.Release|Mixed Platforms.ActiveCfg = Release|x86
		{2B869677-41BC-4513-92EB-8C7F8F9316F3}.Release|Mixed Platforms.Build.0 = Release|x86
		{2B869677-41BC-4513-92EB-8C7F8F9316F3}.Release|Win32.ActiveCfg = Release|x86
		{2B869677-41BC-4513-92EB-8C7F8F9316F3}.Release|x86.ActiveCfg = Release|x86
		{2B869677-41BC-4513-92EB-8C7F8F9316F3}.Release|x86.Build.0 = Release|x86
		{0784CDC9-0F52-4B8B-9488-6589C11E94E2}.Debug|Any CPU.ActiveCfg = Debug|Any CPU
		{0784CDC9-0F52-4B8B-9488-6589C11E94E2}.Debug|Any CPU.Build.0 = Debug|Any CPU
		{0784CDC9-0F52-4B8B-9488-6589C11E94E2}.Debug|Mixed Platforms.ActiveCfg = Debug|Any CPU
		{0784CDC9-0F52-4B8B-9488-6589C11E94E2}.Debug|Mixed Platforms.Build.0 = Debug|Any CPU
		{0784CDC9-0F52-4B8B-9488-6589C11E94E2}.Debug|Win32.ActiveCfg = Debug|Any CPU
		{0784CDC9-0F52-4B8B-9488-6589C11E94E2}.Debug|x86.ActiveCfg = Debug|Any CPU
		{0784CDC9-0F52-4B8B-9488-6589C11E94E2}.Release|Any CPU.ActiveCfg = Release|Any CPU
		{0784CDC9-0F52-4B8B-9488-6589C11E94E2}.Release|Any CPU.Build.0 = Release|Any CPU
		{0784CDC9-0F52-4B8B-9488-6589C11E94E2}.Release|Mixed Platforms.ActiveCfg = Release|Any CPU
		{0784CDC9-0F52-4B8B-9488-6589C11E94E2}.Release|Mixed Platforms.Build.0 = Release|Any CPU
		{0784CDC9-0F52-4B8B-9488-6589C11E94E2}.Release|Win32.ActiveCfg = Release|Any CPU
		{0784CDC9-0F52-4B8B-9488-6589C11E94E2}.Release|x86.ActiveCfg = Release|Any CPU
		{CF6D105B-2ABA-4D9D-823E-14F5FD716D6E}.Debug|Any CPU.ActiveCfg = Debug|Win32
		{CF6D105B-2ABA-4D9D-823E-14F5FD716D6E}.Debug|Mixed Platforms.ActiveCfg = Debug|Win32
		{CF6D105B-2ABA-4D9D-823E-14F5FD716D6E}.Debug|Win32.ActiveCfg = Debug|Win32
		{CF6D105B-2ABA-4D9D-823E-14F5FD716D6E}.Debug|Win32.Build.0 = Debug|Win32
		{CF6D105B-2ABA-4D9D-823E-14F5FD716D6E}.Debug|x86.ActiveCfg = Debug|Win32
		{CF6D105B-2ABA-4D9D-823E-14F5FD716D6E}.Release|Any CPU.ActiveCfg = Release|Win32
		{CF6D105B-2ABA-4D9D-823E-14F5FD716D6E}.Release|Mixed Platforms.ActiveCfg = Release|Win32
		{CF6D105B-2ABA-4D9D-823E-14F5FD716D6E}.Release|Mixed Platforms.Build.0 = Release|Win32
		{CF6D105B-2ABA-4D9D-823E-14F5FD716D6E}.Release|Win32.ActiveCfg = Release|Win32
		{CF6D105B-2ABA-4D9D-823E-14F5FD716D6E}.Release|Win32.Build.0 = Release|Win32
		{CF6D105B-2ABA-4D9D-823E-14F5FD716D6E}.Release|x86.ActiveCfg = Release|Win32
		{22ECB9EA-A035-4D20-A662-65B97B4EB59B}.Debug|Any CPU.ActiveCfg = Debug|Any CPU
		{22ECB9EA-A035-4D20-A662-65B97B4EB59B}.Debug|Any CPU.Build.0 = Debug|Any CPU
		{22ECB9EA-A035-4D20-A662-65B97B4EB59B}.Debug|Mixed Platforms.ActiveCfg = Debug|Any CPU
		{22ECB9EA-A035-4D20-A662-65B97B4EB59B}.Debug|Mixed Platforms.Build.0 = Debug|Any CPU
		{22ECB9EA-A035-4D20-A662-65B97B4EB59B}.Debug|Win32.ActiveCfg = Debug|Any CPU
		{22ECB9EA-A035-4D20-A662-65B97B4EB59B}.Debug|x86.ActiveCfg = Debug|Any CPU
		{22ECB9EA-A035-4D20-A662-65B97B4EB59B}.Release|Any CPU.ActiveCfg = Release|Any CPU
		{22ECB9EA-A035-4D20-A662-65B97B4EB59B}.Release|Any CPU.Build.0 = Release|Any CPU
		{22ECB9EA-A035-4D20-A662-65B97B4EB59B}.Release|Mixed Platforms.ActiveCfg = Release|Any CPU
		{22ECB9EA-A035-4D20-A662-65B97B4EB59B}.Release|Mixed Platforms.Build.0 = Release|Any CPU
		{22ECB9EA-A035-4D20-A662-65B97B4EB59B}.Release|Win32.ActiveCfg = Release|Any CPU
		{22ECB9EA-A035-4D20-A662-65B97B4EB59B}.Release|x86.ActiveCfg = Release|Any CPU
		{C5376ADF-309A-48DE-904C-B1FE1965C370}.Debug|Any CPU.ActiveCfg = Debug|Any CPU
		{C5376ADF-309A-48DE-904C-B1FE1965C370}.Debug|Any CPU.Build.0 = Debug|Any CPU
		{C5376ADF-309A-48DE-904C-B1FE1965C370}.Debug|Mixed Platforms.ActiveCfg = Debug|Any CPU
		{C5376ADF-309A-48DE-904C-B1FE1965C370}.Debug|Mixed Platforms.Build.0 = Debug|Any CPU
		{C5376ADF-309A-48DE-904C-B1FE1965C370}.Debug|Win32.ActiveCfg = Debug|Any CPU
		{C5376ADF-309A-48DE-904C-B1FE1965C370}.Debug|x86.ActiveCfg = Debug|Any CPU
		{C5376ADF-309A-48DE-904C-B1FE1965C370}.Release|Any CPU.ActiveCfg = Release|Any CPU
		{C5376ADF-309A-48DE-904C-B1FE1965C370}.Release|Any CPU.Build.0 = Release|Any CPU
		{C5376ADF-309A-48DE-904C-B1FE1965C370}.Release|Mixed Platforms.ActiveCfg = Release|Any CPU
		{C5376ADF-309A-48DE-904C-B1FE1965C370}.Release|Mixed Platforms.Build.0 = Release|Any CPU
		{C5376ADF-309A-48DE-904C-B1FE1965C370}.Release|Win32.ActiveCfg = Release|Any CPU
		{C5376ADF-309A-48DE-904C-B1FE1965C370}.Release|x86.ActiveCfg = Release|Any CPU
		{C731C429-CF52-4951-8824-4CCA8C00E69A}.Debug|Any CPU.ActiveCfg = Debug|Any CPU
		{C731C429-CF52-4951-8824-4CCA8C00E69A}.Debug|Any CPU.Build.0 = Debug|Any CPU
		{C731C429-CF52-4951-8824-4CCA8C00E69A}.Debug|Mixed Platforms.ActiveCfg = Debug|Any CPU
		{C731C429-CF52-4951-8824-4CCA8C00E69A}.Debug|Mixed Platforms.Build.0 = Debug|Any CPU
		{C731C429-CF52-4951-8824-4CCA8C00E69A}.Debug|Win32.ActiveCfg = Debug|Any CPU
		{C731C429-CF52-4951-8824-4CCA8C00E69A}.Debug|x86.ActiveCfg = Debug|Any CPU
		{C731C429-CF52-4951-8824-4CCA8C00E69A}.Release|Any CPU.ActiveCfg = Release|Any CPU
		{C731C429-CF52-4951-8824-4CCA8C00E69A}.Release|Any CPU.Build.0 = Release|Any CPU
		{C731C429-CF52-4951-8824-4CCA8C00E69A}.Release|Mixed Platforms.ActiveCfg = Release|Any CPU
		{C731C429-CF52-4951-8824-4CCA8C00E69A}.Release|Mixed Platforms.Build.0 = Release|Any CPU
		{C731C429-CF52-4951-8824-4CCA8C00E69A}.Release|Win32.ActiveCfg = Release|Any CPU
		{C731C429-CF52-4951-8824-4CCA8C00E69A}.Release|x86.ActiveCfg = Release|Any CPU
		{3E5B5A6B-FB19-4A24-BEE0-5E7AAB620170}.Debug|Any CPU.ActiveCfg = Debug|Any CPU
		{3E5B5A6B-FB19-4A24-BEE0-5E7AAB620170}.Debug|Any CPU.Build.0 = Debug|Any CPU
		{3E5B5A6B-FB19-4A24-BEE0-5E7AAB620170}.Debug|Mixed Platforms.ActiveCfg = Debug|Any CPU
		{3E5B5A6B-FB19-4A24-BEE0-5E7AAB620170}.Debug|Mixed Platforms.Build.0 = Debug|Any CPU
		{3E5B5A6B-FB19-4A24-BEE0-5E7AAB620170}.Debug|Win32.ActiveCfg = Debug|Any CPU
		{3E5B5A6B-FB19-4A24-BEE0-5E7AAB620170}.Debug|x86.ActiveCfg = Debug|Any CPU
		{3E5B5A6B-FB19-4A24-BEE0-5E7AAB620170}.Release|Any CPU.ActiveCfg = Release|Any CPU
		{3E5B5A6B-FB19-4A24-BEE0-5E7AAB620170}.Release|Any CPU.Build.0 = Release|Any CPU
		{3E5B5A6B-FB19-4A24-BEE0-5E7AAB620170}.Release|Mixed Platforms.ActiveCfg = Release|Any CPU
		{3E5B5A6B-FB19-4A24-BEE0-5E7AAB620170}.Release|Mixed Platforms.Build.0 = Release|Any CPU
		{3E5B5A6B-FB19-4A24-BEE0-5E7AAB620170}.Release|Win32.ActiveCfg = Release|Any CPU
		{3E5B5A6B-FB19-4A24-BEE0-5E7AAB620170}.Release|x86.ActiveCfg = Release|Any CPU
		{DC2B1003-4320-4486-8925-6F40A5EA4206}.Debug|Any CPU.ActiveCfg = Debug|Any CPU
		{DC2B1003-4320-4486-8925-6F40A5EA4206}.Debug|Any CPU.Build.0 = Debug|Any CPU
		{DC2B1003-4320-4486-8925-6F40A5EA4206}.Debug|Mixed Platforms.ActiveCfg = Debug|Any CPU
		{DC2B1003-4320-4486-8925-6F40A5EA4206}.Debug|Mixed Platforms.Build.0 = Debug|Any CPU
		{DC2B1003-4320-4486-8925-6F40A5EA4206}.Debug|Win32.ActiveCfg = Debug|Any CPU
		{DC2B1003-4320-4486-8925-6F40A5EA4206}.Debug|x86.ActiveCfg = Debug|Any CPU
		{DC2B1003-4320-4486-8925-6F40A5EA4206}.Release|Any CPU.ActiveCfg = Release|Any CPU
		{DC2B1003-4320-4486-8925-6F40A5EA4206}.Release|Any CPU.Build.0 = Release|Any CPU
		{DC2B1003-4320-4486-8925-6F40A5EA4206}.Release|Mixed Platforms.ActiveCfg = Release|Any CPU
		{DC2B1003-4320-4486-8925-6F40A5EA4206}.Release|Mixed Platforms.Build.0 = Release|Any CPU
		{DC2B1003-4320-4486-8925-6F40A5EA4206}.Release|Win32.ActiveCfg = Release|Any CPU
		{DC2B1003-4320-4486-8925-6F40A5EA4206}.Release|x86.ActiveCfg = Release|Any CPU
		{300DF611-E6A4-447F-86CB-FD409C50CE8A}.Debug|Any CPU.ActiveCfg = Debug|Any CPU
		{300DF611-E6A4-447F-86CB-FD409C50CE8A}.Debug|Any CPU.Build.0 = Debug|Any CPU
		{300DF611-E6A4-447F-86CB-FD409C50CE8A}.Debug|Mixed Platforms.ActiveCfg = Debug|Any CPU
		{300DF611-E6A4-447F-86CB-FD409C50CE8A}.Debug|Mixed Platforms.Build.0 = Debug|Any CPU
		{300DF611-E6A4-447F-86CB-FD409C50CE8A}.Debug|Win32.ActiveCfg = Debug|Any CPU
		{300DF611-E6A4-447F-86CB-FD409C50CE8A}.Debug|x86.ActiveCfg = Debug|x86
		{300DF611-E6A4-447F-86CB-FD409C50CE8A}.Debug|x86.Build.0 = Debug|x86
		{300DF611-E6A4-447F-86CB-FD409C50CE8A}.Release|Any CPU.ActiveCfg = Release|Any CPU
		{300DF611-E6A4-447F-86CB-FD409C50CE8A}.Release|Any CPU.Build.0 = Release|Any CPU
		{300DF611-E6A4-447F-86CB-FD409C50CE8A}.Release|Mixed Platforms.ActiveCfg = Release|x86
		{300DF611-E6A4-447F-86CB-FD409C50CE8A}.Release|Mixed Platforms.Build.0 = Release|x86
		{300DF611-E6A4-447F-86CB-FD409C50CE8A}.Release|Win32.ActiveCfg = Release|Any CPU
		{300DF611-E6A4-447F-86CB-FD409C50CE8A}.Release|x86.ActiveCfg = Release|x86
		{300DF611-E6A4-447F-86CB-FD409C50CE8A}.Release|x86.Build.0 = Release|x86
		{2BDE3BC0-1D90-4C95-A637-DF690963BB79}.Debug|Any CPU.ActiveCfg = Debug|x86
		{2BDE3BC0-1D90-4C95-A637-DF690963BB79}.Debug|Mixed Platforms.ActiveCfg = Debug|x86
		{2BDE3BC0-1D90-4C95-A637-DF690963BB79}.Debug|Mixed Platforms.Build.0 = Debug|x86
		{2BDE3BC0-1D90-4C95-A637-DF690963BB79}.Debug|Win32.ActiveCfg = Debug|x86
		{2BDE3BC0-1D90-4C95-A637-DF690963BB79}.Debug|x86.ActiveCfg = Debug|x86
		{2BDE3BC0-1D90-4C95-A637-DF690963BB79}.Debug|x86.Build.0 = Debug|x86
		{2BDE3BC0-1D90-4C95-A637-DF690963BB79}.Release|Any CPU.ActiveCfg = Release|x86
		{2BDE3BC0-1D90-4C95-A637-DF690963BB79}.Release|Mixed Platforms.ActiveCfg = Release|x86
		{2BDE3BC0-1D90-4C95-A637-DF690963BB79}.Release|Mixed Platforms.Build.0 = Release|x86
		{2BDE3BC0-1D90-4C95-A637-DF690963BB79}.Release|Win32.ActiveCfg = Release|x86
		{2BDE3BC0-1D90-4C95-A637-DF690963BB79}.Release|x86.ActiveCfg = Release|x86
		{2BDE3BC0-1D90-4C95-A637-DF690963BB79}.Release|x86.Build.0 = Release|x86
		{897F27CC-3672-44BF-8479-DB0DC7F91D9C}.Debug|Any CPU.ActiveCfg = Debug|Any CPU
		{897F27CC-3672-44BF-8479-DB0DC7F91D9C}.Debug|Any CPU.Build.0 = Debug|Any CPU
		{897F27CC-3672-44BF-8479-DB0DC7F91D9C}.Debug|Mixed Platforms.ActiveCfg = Debug|x86
		{897F27CC-3672-44BF-8479-DB0DC7F91D9C}.Debug|Mixed Platforms.Build.0 = Debug|x86
		{897F27CC-3672-44BF-8479-DB0DC7F91D9C}.Debug|Win32.ActiveCfg = Debug|Any CPU
		{897F27CC-3672-44BF-8479-DB0DC7F91D9C}.Debug|x86.ActiveCfg = Debug|Any CPU
		{897F27CC-3672-44BF-8479-DB0DC7F91D9C}.Release|Any CPU.ActiveCfg = Release|Any CPU
		{897F27CC-3672-44BF-8479-DB0DC7F91D9C}.Release|Any CPU.Build.0 = Release|Any CPU
		{897F27CC-3672-44BF-8479-DB0DC7F91D9C}.Release|Mixed Platforms.ActiveCfg = Release|x86
		{897F27CC-3672-44BF-8479-DB0DC7F91D9C}.Release|Mixed Platforms.Build.0 = Release|x86
		{897F27CC-3672-44BF-8479-DB0DC7F91D9C}.Release|Win32.ActiveCfg = Release|Any CPU
		{897F27CC-3672-44BF-8479-DB0DC7F91D9C}.Release|x86.ActiveCfg = Release|Any CPU
		{95D8453F-2C92-4907-9AEB-776C43ADFCD7}.Debug|Any CPU.ActiveCfg = Debug|Any CPU
		{95D8453F-2C92-4907-9AEB-776C43ADFCD7}.Debug|Any CPU.Build.0 = Debug|Any CPU
		{95D8453F-2C92-4907-9AEB-776C43ADFCD7}.Debug|Mixed Platforms.ActiveCfg = Debug|Any CPU
		{95D8453F-2C92-4907-9AEB-776C43ADFCD7}.Debug|Mixed Platforms.Build.0 = Debug|Any CPU
		{95D8453F-2C92-4907-9AEB-776C43ADFCD7}.Debug|Win32.ActiveCfg = Debug|Any CPU
		{95D8453F-2C92-4907-9AEB-776C43ADFCD7}.Debug|x86.ActiveCfg = Debug|Any CPU
		{95D8453F-2C92-4907-9AEB-776C43ADFCD7}.Release|Any CPU.ActiveCfg = Release|Any CPU
		{95D8453F-2C92-4907-9AEB-776C43ADFCD7}.Release|Any CPU.Build.0 = Release|Any CPU
		{95D8453F-2C92-4907-9AEB-776C43ADFCD7}.Release|Mixed Platforms.ActiveCfg = Release|Any CPU
		{95D8453F-2C92-4907-9AEB-776C43ADFCD7}.Release|Mixed Platforms.Build.0 = Release|Any CPU
		{95D8453F-2C92-4907-9AEB-776C43ADFCD7}.Release|Win32.ActiveCfg = Release|Any CPU
		{95D8453F-2C92-4907-9AEB-776C43ADFCD7}.Release|x86.ActiveCfg = Release|Any CPU
		{4F939926-FA61-45D9-B154-E2CBB598D5C1}.Debug|Any CPU.ActiveCfg = Debug|Any CPU
		{4F939926-FA61-45D9-B154-E2CBB598D5C1}.Debug|Any CPU.Build.0 = Debug|Any CPU
		{4F939926-FA61-45D9-B154-E2CBB598D5C1}.Debug|Mixed Platforms.ActiveCfg = Debug|Any CPU
		{4F939926-FA61-45D9-B154-E2CBB598D5C1}.Debug|Mixed Platforms.Build.0 = Debug|Any CPU
		{4F939926-FA61-45D9-B154-E2CBB598D5C1}.Debug|Win32.ActiveCfg = Debug|Any CPU
		{4F939926-FA61-45D9-B154-E2CBB598D5C1}.Debug|x86.ActiveCfg = Debug|Any CPU
		{4F939926-FA61-45D9-B154-E2CBB598D5C1}.Release|Any CPU.ActiveCfg = Release|Any CPU
		{4F939926-FA61-45D9-B154-E2CBB598D5C1}.Release|Any CPU.Build.0 = Release|Any CPU
		{4F939926-FA61-45D9-B154-E2CBB598D5C1}.Release|Mixed Platforms.ActiveCfg = Release|Any CPU
		{4F939926-FA61-45D9-B154-E2CBB598D5C1}.Release|Mixed Platforms.Build.0 = Release|Any CPU
		{4F939926-FA61-45D9-B154-E2CBB598D5C1}.Release|Win32.ActiveCfg = Release|Any CPU
		{4F939926-FA61-45D9-B154-E2CBB598D5C1}.Release|x86.ActiveCfg = Release|Any CPU
		{1F301BAF-F8EF-4592-BCF7-0527FAFC4E00}.Debug|Any CPU.ActiveCfg = Debug|Any CPU
		{1F301BAF-F8EF-4592-BCF7-0527FAFC4E00}.Debug|Any CPU.Build.0 = Debug|Any CPU
		{1F301BAF-F8EF-4592-BCF7-0527FAFC4E00}.Debug|Mixed Platforms.ActiveCfg = Debug|Any CPU
		{1F301BAF-F8EF-4592-BCF7-0527FAFC4E00}.Debug|Mixed Platforms.Build.0 = Debug|Any CPU
		{1F301BAF-F8EF-4592-BCF7-0527FAFC4E00}.Debug|Win32.ActiveCfg = Debug|Any CPU
		{1F301BAF-F8EF-4592-BCF7-0527FAFC4E00}.Debug|x86.ActiveCfg = Debug|Any CPU
		{1F301BAF-F8EF-4592-BCF7-0527FAFC4E00}.Release|Any CPU.ActiveCfg = Release|Any CPU
		{1F301BAF-F8EF-4592-BCF7-0527FAFC4E00}.Release|Any CPU.Build.0 = Release|Any CPU
		{1F301BAF-F8EF-4592-BCF7-0527FAFC4E00}.Release|Mixed Platforms.ActiveCfg = Release|Any CPU
		{1F301BAF-F8EF-4592-BCF7-0527FAFC4E00}.Release|Mixed Platforms.Build.0 = Release|Any CPU
		{1F301BAF-F8EF-4592-BCF7-0527FAFC4E00}.Release|Win32.ActiveCfg = Release|Any CPU
		{1F301BAF-F8EF-4592-BCF7-0527FAFC4E00}.Release|x86.ActiveCfg = Release|Any CPU
		{71A68946-91CB-49F4-A787-872A84F90901}.Debug|Any CPU.ActiveCfg = Debug|Any CPU
		{71A68946-91CB-49F4-A787-872A84F90901}.Debug|Any CPU.Build.0 = Debug|Any CPU
		{71A68946-91CB-49F4-A787-872A84F90901}.Debug|Mixed Platforms.ActiveCfg = Debug|Any CPU
		{71A68946-91CB-49F4-A787-872A84F90901}.Debug|Mixed Platforms.Build.0 = Debug|Any CPU
		{71A68946-91CB-49F4-A787-872A84F90901}.Debug|Win32.ActiveCfg = Debug|Any CPU
		{71A68946-91CB-49F4-A787-872A84F90901}.Debug|x86.ActiveCfg = Debug|Any CPU
		{71A68946-91CB-49F4-A787-872A84F90901}.Release|Any CPU.ActiveCfg = Release|Any CPU
		{71A68946-91CB-49F4-A787-872A84F90901}.Release|Any CPU.Build.0 = Release|Any CPU
		{71A68946-91CB-49F4-A787-872A84F90901}.Release|Mixed Platforms.ActiveCfg = Release|Any CPU
		{71A68946-91CB-49F4-A787-872A84F90901}.Release|Mixed Platforms.Build.0 = Release|Any CPU
		{71A68946-91CB-49F4-A787-872A84F90901}.Release|Win32.ActiveCfg = Release|Any CPU
		{71A68946-91CB-49F4-A787-872A84F90901}.Release|x86.ActiveCfg = Release|Any CPU
		{17D20D66-1646-4DDC-9261-BFB28AB43640}.Debug|Any CPU.ActiveCfg = Debug|Any CPU
		{17D20D66-1646-4DDC-9261-BFB28AB43640}.Debug|Any CPU.Build.0 = Debug|Any CPU
		{17D20D66-1646-4DDC-9261-BFB28AB43640}.Debug|Mixed Platforms.ActiveCfg = Debug|Any CPU
		{17D20D66-1646-4DDC-9261-BFB28AB43640}.Debug|Mixed Platforms.Build.0 = Debug|Any CPU
		{17D20D66-1646-4DDC-9261-BFB28AB43640}.Debug|Win32.ActiveCfg = Debug|Any CPU
		{17D20D66-1646-4DDC-9261-BFB28AB43640}.Debug|x86.ActiveCfg = Debug|Any CPU
		{17D20D66-1646-4DDC-9261-BFB28AB43640}.Release|Any CPU.ActiveCfg = Release|Any CPU
		{17D20D66-1646-4DDC-9261-BFB28AB43640}.Release|Any CPU.Build.0 = Release|Any CPU
		{17D20D66-1646-4DDC-9261-BFB28AB43640}.Release|Mixed Platforms.ActiveCfg = Release|Any CPU
		{17D20D66-1646-4DDC-9261-BFB28AB43640}.Release|Mixed Platforms.Build.0 = Release|Any CPU
		{17D20D66-1646-4DDC-9261-BFB28AB43640}.Release|Win32.ActiveCfg = Release|Any CPU
		{17D20D66-1646-4DDC-9261-BFB28AB43640}.Release|x86.ActiveCfg = Release|Any CPU
		{1B360754-1837-49C4-9721-9307FDDBACF3}.Debug|Any CPU.ActiveCfg = Debug|Any CPU
		{1B360754-1837-49C4-9721-9307FDDBACF3}.Debug|Any CPU.Build.0 = Debug|Any CPU
		{1B360754-1837-49C4-9721-9307FDDBACF3}.Debug|Mixed Platforms.ActiveCfg = Debug|Any CPU
		{1B360754-1837-49C4-9721-9307FDDBACF3}.Debug|Mixed Platforms.Build.0 = Debug|Any CPU
		{1B360754-1837-49C4-9721-9307FDDBACF3}.Debug|Win32.ActiveCfg = Debug|Any CPU
		{1B360754-1837-49C4-9721-9307FDDBACF3}.Debug|x86.ActiveCfg = Debug|Any CPU
		{1B360754-1837-49C4-9721-9307FDDBACF3}.Release|Any CPU.ActiveCfg = Release|Any CPU
		{1B360754-1837-49C4-9721-9307FDDBACF3}.Release|Any CPU.Build.0 = Release|Any CPU
		{1B360754-1837-49C4-9721-9307FDDBACF3}.Release|Mixed Platforms.ActiveCfg = Release|Any CPU
		{1B360754-1837-49C4-9721-9307FDDBACF3}.Release|Mixed Platforms.Build.0 = Release|Any CPU
		{1B360754-1837-49C4-9721-9307FDDBACF3}.Release|Win32.ActiveCfg = Release|Any CPU
		{1B360754-1837-49C4-9721-9307FDDBACF3}.Release|x86.ActiveCfg = Release|Any CPU
		{28D4C5BA-E48B-481C-BF23-2EC393047179}.Debug|Any CPU.ActiveCfg = Debug|x86
		{28D4C5BA-E48B-481C-BF23-2EC393047179}.Debug|Mixed Platforms.ActiveCfg = Debug|x86
		{28D4C5BA-E48B-481C-BF23-2EC393047179}.Debug|Mixed Platforms.Build.0 = Debug|x86
		{28D4C5BA-E48B-481C-BF23-2EC393047179}.Debug|Win32.ActiveCfg = Debug|x86
		{28D4C5BA-E48B-481C-BF23-2EC393047179}.Debug|x86.ActiveCfg = Debug|x86
		{28D4C5BA-E48B-481C-BF23-2EC393047179}.Debug|x86.Build.0 = Debug|x86
		{28D4C5BA-E48B-481C-BF23-2EC393047179}.Release|Any CPU.ActiveCfg = Release|x86
		{28D4C5BA-E48B-481C-BF23-2EC393047179}.Release|Mixed Platforms.ActiveCfg = Release|x86
		{28D4C5BA-E48B-481C-BF23-2EC393047179}.Release|Mixed Platforms.Build.0 = Release|x86
		{28D4C5BA-E48B-481C-BF23-2EC393047179}.Release|Win32.ActiveCfg = Release|x86
		{28D4C5BA-E48B-481C-BF23-2EC393047179}.Release|x86.ActiveCfg = Release|x86
		{28D4C5BA-E48B-481C-BF23-2EC393047179}.Release|x86.Build.0 = Release|x86
		{466740B7-553E-43FA-B036-F7071F27D504}.Debug|Any CPU.ActiveCfg = Debug|Win32
		{466740B7-553E-43FA-B036-F7071F27D504}.Debug|Mixed Platforms.ActiveCfg = Debug|Win32
		{466740B7-553E-43FA-B036-F7071F27D504}.Debug|Win32.ActiveCfg = Debug|Win32
		{466740B7-553E-43FA-B036-F7071F27D504}.Debug|Win32.Build.0 = Debug|Win32
		{466740B7-553E-43FA-B036-F7071F27D504}.Debug|x86.ActiveCfg = Debug|Win32
		{466740B7-553E-43FA-B036-F7071F27D504}.Release|Any CPU.ActiveCfg = Release|Win32
		{466740B7-553E-43FA-B036-F7071F27D504}.Release|Mixed Platforms.ActiveCfg = Release|Win32
		{466740B7-553E-43FA-B036-F7071F27D504}.Release|Mixed Platforms.Build.0 = Release|Win32
		{466740B7-553E-43FA-B036-F7071F27D504}.Release|Win32.ActiveCfg = Release|Win32
		{466740B7-553E-43FA-B036-F7071F27D504}.Release|Win32.Build.0 = Release|Win32
		{466740B7-553E-43FA-B036-F7071F27D504}.Release|x86.ActiveCfg = Release|Win32
		{029ED34E-5790-417A-BEC2-A3D89F2FD802}.Debug|Any CPU.ActiveCfg = Debug|Win32
		{029ED34E-5790-417A-BEC2-A3D89F2FD802}.Debug|Mixed Platforms.ActiveCfg = Debug|Win32
		{029ED34E-5790-417A-BEC2-A3D89F2FD802}.Debug|Win32.ActiveCfg = Debug|Win32
		{029ED34E-5790-417A-BEC2-A3D89F2FD802}.Debug|Win32.Build.0 = Debug|Win32
		{029ED34E-5790-417A-BEC2-A3D89F2FD802}.Debug|x86.ActiveCfg = Debug|Win32
		{029ED34E-5790-417A-BEC2-A3D89F2FD802}.Release|Any CPU.ActiveCfg = Release|Win32
		{029ED34E-5790-417A-BEC2-A3D89F2FD802}.Release|Mixed Platforms.ActiveCfg = Release|Win32
		{029ED34E-5790-417A-BEC2-A3D89F2FD802}.Release|Mixed Platforms.Build.0 = Release|Win32
		{029ED34E-5790-417A-BEC2-A3D89F2FD802}.Release|Win32.ActiveCfg = Release|Win32
		{029ED34E-5790-417A-BEC2-A3D89F2FD802}.Release|Win32.Build.0 = Release|Win32
		{029ED34E-5790-417A-BEC2-A3D89F2FD802}.Release|x86.ActiveCfg = Release|Win32
		{0EB281C2-DC7C-46C0-B7ED-EE49FD3F2BC3}.Debug|Any CPU.ActiveCfg = Debug|Win32
		{0EB281C2-DC7C-46C0-B7ED-EE49FD3F2BC3}.Debug|Mixed Platforms.ActiveCfg = Debug|Win32
		{0EB281C2-DC7C-46C0-B7ED-EE49FD3F2BC3}.Debug|Win32.ActiveCfg = Debug|Win32
		{0EB281C2-DC7C-46C0-B7ED-EE49FD3F2BC3}.Debug|Win32.Build.0 = Debug|Win32
		{0EB281C2-DC7C-46C0-B7ED-EE49FD3F2BC3}.Debug|x86.ActiveCfg = Debug|Win32
		{0EB281C2-DC7C-46C0-B7ED-EE49FD3F2BC3}.Release|Any CPU.ActiveCfg = Release|Win32
		{0EB281C2-DC7C-46C0-B7ED-EE49FD3F2BC3}.Release|Mixed Platforms.ActiveCfg = Release|Win32
		{0EB281C2-DC7C-46C0-B7ED-EE49FD3F2BC3}.Release|Win32.ActiveCfg = Release|Win32
		{0EB281C2-DC7C-46C0-B7ED-EE49FD3F2BC3}.Release|Win32.Build.0 = Release|Win32
		{0EB281C2-DC7C-46C0-B7ED-EE49FD3F2BC3}.Release|x86.ActiveCfg = Release|Win32
		{A2F2FCD3-64AB-4B6A-AA2D-DD11EF4BFE22}.Debug|Any CPU.ActiveCfg = Debug|Any CPU
		{A2F2FCD3-64AB-4B6A-AA2D-DD11EF4BFE22}.Debug|Any CPU.Build.0 = Debug|Any CPU
		{A2F2FCD3-64AB-4B6A-AA2D-DD11EF4BFE22}.Debug|Mixed Platforms.ActiveCfg = Debug|x86
		{A2F2FCD3-64AB-4B6A-AA2D-DD11EF4BFE22}.Debug|Mixed Platforms.Build.0 = Debug|x86
		{A2F2FCD3-64AB-4B6A-AA2D-DD11EF4BFE22}.Debug|Win32.ActiveCfg = Debug|x86
		{A2F2FCD3-64AB-4B6A-AA2D-DD11EF4BFE22}.Debug|x86.ActiveCfg = Debug|x86
		{A2F2FCD3-64AB-4B6A-AA2D-DD11EF4BFE22}.Debug|x86.Build.0 = Debug|x86
		{A2F2FCD3-64AB-4B6A-AA2D-DD11EF4BFE22}.Release|Any CPU.ActiveCfg = Release|Any CPU
		{A2F2FCD3-64AB-4B6A-AA2D-DD11EF4BFE22}.Release|Any CPU.Build.0 = Release|Any CPU
		{A2F2FCD3-64AB-4B6A-AA2D-DD11EF4BFE22}.Release|Mixed Platforms.ActiveCfg = Release|x86
		{A2F2FCD3-64AB-4B6A-AA2D-DD11EF4BFE22}.Release|Mixed Platforms.Build.0 = Release|x86
		{A2F2FCD3-64AB-4B6A-AA2D-DD11EF4BFE22}.Release|Win32.ActiveCfg = Release|x86
		{A2F2FCD3-64AB-4B6A-AA2D-DD11EF4BFE22}.Release|x86.ActiveCfg = Release|x86
		{A2F2FCD3-64AB-4B6A-AA2D-DD11EF4BFE22}.Release|x86.Build.0 = Release|x86
		{59CAE7C2-B096-4B6C-8C82-C5C6ED4871F0}.Debug|Any CPU.ActiveCfg = Debug|x86
		{59CAE7C2-B096-4B6C-8C82-C5C6ED4871F0}.Debug|Mixed Platforms.ActiveCfg = Debug|x86
		{59CAE7C2-B096-4B6C-8C82-C5C6ED4871F0}.Debug|Mixed Platforms.Build.0 = Debug|x86
		{59CAE7C2-B096-4B6C-8C82-C5C6ED4871F0}.Debug|Win32.ActiveCfg = Debug|x86
		{59CAE7C2-B096-4B6C-8C82-C5C6ED4871F0}.Debug|x86.ActiveCfg = Debug|x86
		{59CAE7C2-B096-4B6C-8C82-C5C6ED4871F0}.Debug|x86.Build.0 = Debug|x86
		{59CAE7C2-B096-4B6C-8C82-C5C6ED4871F0}.Release|Any CPU.ActiveCfg = Release|x86
		{59CAE7C2-B096-4B6C-8C82-C5C6ED4871F0}.Release|Mixed Platforms.ActiveCfg = Release|x86
		{59CAE7C2-B096-4B6C-8C82-C5C6ED4871F0}.Release|Mixed Platforms.Build.0 = Release|x86
		{59CAE7C2-B096-4B6C-8C82-C5C6ED4871F0}.Release|Win32.ActiveCfg = Release|x86
		{59CAE7C2-B096-4B6C-8C82-C5C6ED4871F0}.Release|x86.ActiveCfg = Release|x86
		{59CAE7C2-B096-4B6C-8C82-C5C6ED4871F0}.Release|x86.Build.0 = Release|x86
		{3549CD6F-80F8-450F-B99E-CF0A736B1F2A}.Debug|Any CPU.ActiveCfg = Debug|Any CPU
		{3549CD6F-80F8-450F-B99E-CF0A736B1F2A}.Debug|Any CPU.Build.0 = Debug|Any CPU
		{3549CD6F-80F8-450F-B99E-CF0A736B1F2A}.Debug|Mixed Platforms.ActiveCfg = Debug|Any CPU
		{3549CD6F-80F8-450F-B99E-CF0A736B1F2A}.Debug|Mixed Platforms.Build.0 = Debug|Any CPU
		{3549CD6F-80F8-450F-B99E-CF0A736B1F2A}.Debug|Win32.ActiveCfg = Debug|Any CPU
		{3549CD6F-80F8-450F-B99E-CF0A736B1F2A}.Debug|x86.ActiveCfg = Debug|Any CPU
		{3549CD6F-80F8-450F-B99E-CF0A736B1F2A}.Release|Any CPU.ActiveCfg = Release|Any CPU
		{3549CD6F-80F8-450F-B99E-CF0A736B1F2A}.Release|Any CPU.Build.0 = Release|Any CPU
		{3549CD6F-80F8-450F-B99E-CF0A736B1F2A}.Release|Mixed Platforms.ActiveCfg = Release|Any CPU
		{3549CD6F-80F8-450F-B99E-CF0A736B1F2A}.Release|Mixed Platforms.Build.0 = Release|Any CPU
		{3549CD6F-80F8-450F-B99E-CF0A736B1F2A}.Release|Win32.ActiveCfg = Release|Any CPU
		{3549CD6F-80F8-450F-B99E-CF0A736B1F2A}.Release|x86.ActiveCfg = Release|Any CPU
		{70278951-C5CD-4D40-9DAB-3028AF9110E2}.Debug|Any CPU.ActiveCfg = Debug|Any CPU
		{70278951-C5CD-4D40-9DAB-3028AF9110E2}.Debug|Any CPU.Build.0 = Debug|Any CPU
		{70278951-C5CD-4D40-9DAB-3028AF9110E2}.Debug|Mixed Platforms.ActiveCfg = Debug|Any CPU
		{70278951-C5CD-4D40-9DAB-3028AF9110E2}.Debug|Mixed Platforms.Build.0 = Debug|Any CPU
		{70278951-C5CD-4D40-9DAB-3028AF9110E2}.Debug|Win32.ActiveCfg = Debug|Any CPU
		{70278951-C5CD-4D40-9DAB-3028AF9110E2}.Debug|x86.ActiveCfg = Debug|Any CPU
		{70278951-C5CD-4D40-9DAB-3028AF9110E2}.Release|Any CPU.ActiveCfg = Release|Any CPU
		{70278951-C5CD-4D40-9DAB-3028AF9110E2}.Release|Any CPU.Build.0 = Release|Any CPU
		{70278951-C5CD-4D40-9DAB-3028AF9110E2}.Release|Mixed Platforms.ActiveCfg = Release|Any CPU
		{70278951-C5CD-4D40-9DAB-3028AF9110E2}.Release|Mixed Platforms.Build.0 = Release|Any CPU
		{70278951-C5CD-4D40-9DAB-3028AF9110E2}.Release|Win32.ActiveCfg = Release|Any CPU
		{70278951-C5CD-4D40-9DAB-3028AF9110E2}.Release|x86.ActiveCfg = Release|Any CPU
		{320449E7-006E-4A3B-842E-D74DD0A33E52}.Debug|Any CPU.ActiveCfg = Debug|Any CPU
		{320449E7-006E-4A3B-842E-D74DD0A33E52}.Debug|Any CPU.Build.0 = Debug|Any CPU
		{320449E7-006E-4A3B-842E-D74DD0A33E52}.Debug|Mixed Platforms.ActiveCfg = Debug|Any CPU
		{320449E7-006E-4A3B-842E-D74DD0A33E52}.Debug|Mixed Platforms.Build.0 = Debug|Any CPU
		{320449E7-006E-4A3B-842E-D74DD0A33E52}.Debug|Win32.ActiveCfg = Debug|Any CPU
		{320449E7-006E-4A3B-842E-D74DD0A33E52}.Debug|x86.ActiveCfg = Debug|Any CPU
		{320449E7-006E-4A3B-842E-D74DD0A33E52}.Release|Any CPU.ActiveCfg = Release|Any CPU
		{320449E7-006E-4A3B-842E-D74DD0A33E52}.Release|Any CPU.Build.0 = Release|Any CPU
		{320449E7-006E-4A3B-842E-D74DD0A33E52}.Release|Mixed Platforms.ActiveCfg = Release|Any CPU
		{320449E7-006E-4A3B-842E-D74DD0A33E52}.Release|Mixed Platforms.Build.0 = Release|Any CPU
		{320449E7-006E-4A3B-842E-D74DD0A33E52}.Release|Win32.ActiveCfg = Release|Any CPU
		{320449E7-006E-4A3B-842E-D74DD0A33E52}.Release|x86.ActiveCfg = Release|Any CPU
		{4B6B735A-169A-4EEC-8710-61BDFB461630}.Debug|Any CPU.ActiveCfg = Debug|Any CPU
		{4B6B735A-169A-4EEC-8710-61BDFB461630}.Debug|Any CPU.Build.0 = Debug|Any CPU
		{4B6B735A-169A-4EEC-8710-61BDFB461630}.Debug|Mixed Platforms.ActiveCfg = Debug|Any CPU
		{4B6B735A-169A-4EEC-8710-61BDFB461630}.Debug|Mixed Platforms.Build.0 = Debug|Any CPU
		{4B6B735A-169A-4EEC-8710-61BDFB461630}.Debug|Win32.ActiveCfg = Debug|Any CPU
		{4B6B735A-169A-4EEC-8710-61BDFB461630}.Debug|x86.ActiveCfg = Debug|Any CPU
		{4B6B735A-169A-4EEC-8710-61BDFB461630}.Release|Any CPU.ActiveCfg = Release|Any CPU
		{4B6B735A-169A-4EEC-8710-61BDFB461630}.Release|Any CPU.Build.0 = Release|Any CPU
		{4B6B735A-169A-4EEC-8710-61BDFB461630}.Release|Mixed Platforms.ActiveCfg = Release|Any CPU
		{4B6B735A-169A-4EEC-8710-61BDFB461630}.Release|Mixed Platforms.Build.0 = Release|Any CPU
		{4B6B735A-169A-4EEC-8710-61BDFB461630}.Release|Win32.ActiveCfg = Release|Any CPU
		{4B6B735A-169A-4EEC-8710-61BDFB461630}.Release|x86.ActiveCfg = Release|Any CPU
		{532EE15A-B53C-4693-988E-266C174BB505}.Debug|Any CPU.ActiveCfg = Debug|x86
		{532EE15A-B53C-4693-988E-266C174BB505}.Debug|Mixed Platforms.ActiveCfg = Debug|x86
		{532EE15A-B53C-4693-988E-266C174BB505}.Debug|Mixed Platforms.Build.0 = Debug|x86
		{532EE15A-B53C-4693-988E-266C174BB505}.Debug|Win32.ActiveCfg = Debug|x86
		{532EE15A-B53C-4693-988E-266C174BB505}.Debug|x86.ActiveCfg = Debug|x86
		{532EE15A-B53C-4693-988E-266C174BB505}.Debug|x86.Build.0 = Debug|x86
		{532EE15A-B53C-4693-988E-266C174BB505}.Release|Any CPU.ActiveCfg = Release|x86
		{532EE15A-B53C-4693-988E-266C174BB505}.Release|Mixed Platforms.ActiveCfg = Release|x86
		{532EE15A-B53C-4693-988E-266C174BB505}.Release|Win32.ActiveCfg = Release|x86
		{532EE15A-B53C-4693-988E-266C174BB505}.Release|x86.ActiveCfg = Release|x86
		{532EE15A-B53C-4693-988E-266C174BB505}.Release|x86.Build.0 = Release|x86
	EndGlobalSection
	GlobalSection(SolutionProperties) = preSolution
		HideSolutionNode = FALSE
	EndGlobalSection
	GlobalSection(ExtensibilityGlobals) = postSolution
		EnterpriseLibraryConfigurationToolBinariesPathV6 = packages\EnterpriseLibrary.Common.6.0.1304.0\lib\NET45;packages\EnterpriseLibrary.ExceptionHandling.6.0.1304.0\lib\NET45;packages\EnterpriseLibrary.Logging.6.0.1304.0\lib\NET45;packages\EnterpriseLibrary.ExceptionHandling.Logging.6.0.1304.0\lib\NET45;packages\EnterpriseLibrary.Data.6.0.1304.0\lib\NET45
		SolutionGuid = {E95A6A3B-DE98-4AD2-ADF9-4E8DF35FACB7}
		EnterpriseLibraryConfigurationToolBinariesPath = packages\Unity.2.1.505.2\lib\NET35;packages\Unity.Interception.2.1.505.2\lib\NET35;packages\EnterpriseLibrary.Common.5.0.505.0\lib\NET35;packages\EnterpriseLibrary.ExceptionHandling.5.0.505.0\lib\NET35;packages\EnterpriseLibrary.Logging.5.0.505.1\lib\NET35;packages\EnterpriseLibrary.ExceptionHandling.Logging.5.0.505.0\lib\NET35;packages\EnterpriseLibrary.Logging.5.0.505.0\lib\NET35;packages\EnterpriseLibrary.Security.5.0.505.0\lib\NET35;packages\EnterpriseLibrary.Security.Cryptography.5.0.505.0\lib\NET35;packages\EnterpriseLibrary.Data.5.0.505.0\lib\NET35
	EndGlobalSection
EndGlobal
